
Microsoft Visual Studio Solution File, Format Version 12.00
# Visual Studio Version 17
VisualStudioVersion = 17.8.34004.107
MinimumVisualStudioVersion = 10.0.40219.1
Project("{2150E333-8FDC-42A3-9474-1A3956D46DE8}") = "Project.Domain", "Project.Domain", "{57C39851-FDD4-4815-9356-B42687883510}"
EndProject
Project("{FAE04EC0-301F-11D3-BF4B-00C04F79EFBC}") = "Domain", "Domain\Domain.csproj", "{15EF6167-F6A2-4A02-A797-4F7205E31AA2}"
EndProject
Global
	GlobalSection(SolutionConfigurationPlatforms) = preSolution
		Debug|Any CPU = Debug|Any CPU
		Release|Any CPU = Release|Any CPU
	EndGlobalSection
	GlobalSection(ProjectConfigurationPlatforms) = postSolution
		{15EF6167-F6A2-4A02-A797-4F7205E31AA2}.Debug|Any CPU.ActiveCfg = Debug|Any CPU
		{15EF6167-F6A2-4A02-A797-4F7205E31AA2}.Debug|Any CPU.Build.0 = Debug|Any CPU
		{15EF6167-F6A2-4A02-A797-4F7205E31AA2}.Release|Any CPU.ActiveCfg = Release|Any CPU
		{15EF6167-F6A2-4A02-A797-4F7205E31AA2}.Release|Any CPU.Build.0 = Release|Any CPU
	EndGlobalSection
	GlobalSection(SolutionProperties) = preSolution
		HideSolutionNode = FALSE
	EndGlobalSection
	GlobalSection(NestedProjects) = preSolution
		{15EF6167-F6A2-4A02-A797-4F7205E31AA2} = {57C39851-FDD4-4815-9356-B42687883510}
	EndGlobalSection
	GlobalSection(ExtensibilityGlobals) = postSolution
		SolutionGuid = {3429F385-1F00-4F1B-8EE2-A01857BFF2C8}
	EndGlobalSection
EndGlobal
